<?xml version="1.0" encoding="utf-8"?>
<Project ToolsVersion="4.0" xmlns="http://schemas.microsoft.com/developer/msbuild/2003">
  <ItemGroup>
    <Filter Include="Source Files">
      <UniqueIdentifier>{4FC737F1-C7A5-4376-A066-2A32D752A2FF}</UniqueIdentifier>
      <Extensions>cpp;c;cc;cxx;def;odl;idl;hpj;bat;asm;asmx</Extensions>
    </Filter>
    <Filter Include="Header Files">
      <UniqueIdentifier>{93995380-89BD-4b04-88EB-625FBE52EBFB}</UniqueIdentifier>
      <Extensions>h;hh;hpp;hxx;hm;inl;inc;ipp;xsd</Extensions>
    </Filter>
    <Filter Include="Resource Files">
      <UniqueIdentifier>{67DA6AB6-F800-4c08-8B7A-83BB121AAD01}</UniqueIdentifier>
      <Extensions>rc;ico;cur;bmp;dlg;rc2;rct;bin;rgs;gif;jpg;jpeg;jpe;resx;tiff;tif;png;wav;mfcribbon-ms</Extensions>
    </Filter>
  </ItemGroup>
  <ItemGroup>
    <None Include="packages.config" />
    <None Include="ClassDiagram.cd" />
  </ItemGroup>
  <ItemGroup>
    <ClCompile Include="src\canvas.cpp">
      <Filter>Source Files</Filter>
    </ClCompile>
    <ClCompile Include="src\color.cpp">
      <Filter>Source Files</Filter>
    </ClCompile>
    <ClCompile Include="src\environment.cpp">
      <Filter>Source Files</Filter>
    </ClCompile>
    <ClCompile Include="src\main.cpp">
      <Filter>Source Files</Filter>
    </ClCompile>
    <ClCompile Include="src\matrix2.cpp">
      <Filter>Source Files</Filter>
    </ClCompile>
    <ClCompile Include="src\matrix3.cpp">
      <Filter>Source Files</Filter>
    </ClCompile>
    <ClCompile Include="src\matrix4.cpp">
      <Filter>Source Files</Filter>
    </ClCompile>
    <ClCompile Include="src\point.cpp">
      <Filter>Source Files</Filter>
    </ClCompile>
    <ClCompile Include="src\projectile.cpp">
      <Filter>Source Files</Filter>
    </ClCompile>
    <ClCompile Include="src\tuple.cpp">
      <Filter>Source Files</Filter>
    </ClCompile>
    <ClCompile Include="src\utils.cpp">
      <Filter>Source Files</Filter>
    </ClCompile>
    <ClCompile Include="src\vector.cpp">
      <Filter>Source Files</Filter>
    </ClCompile>
    <ClCompile Include="src\ray.cpp">
      <Filter>Source Files</Filter>
    </ClCompile>
    <ClCompile Include="src\sphere.cpp">
      <Filter>Source Files</Filter>
    </ClCompile>
    <ClCompile Include="src\intersection.cpp">
      <Filter>Source Files</Filter>
    </ClCompile>
    <ClCompile Include="src\object.cpp">
      <Filter>Source Files</Filter>
    </ClCompile>
    <ClCompile Include="src\hit.cpp">
      <Filter>Source Files</Filter>
    </ClCompile>
    <ClCompile Include="src\point-light.cpp">
      <Filter>Source Files</Filter>
    </ClCompile>
    <ClCompile Include="src\material.cpp">
      <Filter>Source Files</Filter>
    </ClCompile>
    <ClCompile Include="src\shape.cpp">
      <Filter>Source Files</Filter>
    </ClCompile>
    <ClCompile Include="src\light-source.cpp">
      <Filter>Source Files</Filter>
    </ClCompile>
    <ClCompile Include="src\world.cpp">
      <Filter>Source Files</Filter>
    </ClCompile>
    <ClCompile Include="src\engine.cpp">
      <Filter>Source Files</Filter>
    </ClCompile>
    <ClCompile Include="src\camera.cpp">
      <Filter>Source Files</Filter>
    </ClCompile>
    <ClCompile Include="src\mock-tuple.cpp">
      <Filter>Source Files</Filter>
    </ClCompile>
    <ClCompile Include="src\mock-shape.cpp">
      <Filter>Source Files</Filter>
    </ClCompile>
    <ClCompile Include="src\plane.cpp">
      <Filter>Source Files</Filter>
    </ClCompile>
  </ItemGroup>
  <ItemGroup>
    <ClInclude Include="src\canvas.h">
      <Filter>Header Files</Filter>
    </ClInclude>
    <ClInclude Include="src\color.h">
      <Filter>Header Files</Filter>
    </ClInclude>
    <ClInclude Include="src\environment.h">
      <Filter>Header Files</Filter>
    </ClInclude>
    <ClInclude Include="src\matrix2.h">
      <Filter>Header Files</Filter>
    </ClInclude>
    <ClInclude Include="src\matrix3.h">
      <Filter>Header Files</Filter>
    </ClInclude>
    <ClInclude Include="src\matrix4.h">
      <Filter>Header Files</Filter>
    </ClInclude>
    <ClInclude Include="src\point.h">
      <Filter>Header Files</Filter>
    </ClInclude>
    <ClInclude Include="src\projectile.h">
      <Filter>Header Files</Filter>
    </ClInclude>
    <ClInclude Include="src\tuple.h">
      <Filter>Header Files</Filter>
    </ClInclude>
    <ClInclude Include="src\utils.h">
      <Filter>Header Files</Filter>
    </ClInclude>
    <ClInclude Include="src\vector.h">
      <Filter>Header Files</Filter>
    </ClInclude>
    <ClInclude Include="src\ray.h">
      <Filter>Header Files</Filter>
    </ClInclude>
    <ClInclude Include="src\sphere.h">
      <Filter>Header Files</Filter>
    </ClInclude>
    <ClInclude Include="src\object.h">
      <Filter>Header Files</Filter>
    </ClInclude>
    <ClInclude Include="src\intersection.h">
      <Filter>Header Files</Filter>
    </ClInclude>
    <ClInclude Include="src\hit.h">
      <Filter>Header Files</Filter>
    </ClInclude>
    <ClInclude Include="src\point-light.h">
      <Filter>Header Files</Filter>
    </ClInclude>
    <ClInclude Include="src\material.h">
      <Filter>Header Files</Filter>
    </ClInclude>
    <ClInclude Include="src\light-source.h">
      <Filter>Header Files</Filter>
    </ClInclude>
    <ClInclude Include="src\shape.h">
      <Filter>Header Files</Filter>
    </ClInclude>
    <ClInclude Include="src\world.h">
      <Filter>Header Files</Filter>
    </ClInclude>
    <ClInclude Include="src\engine.h">
      <Filter>Header Files</Filter>
    </ClInclude>
    <ClInclude Include="src\camera.h">
      <Filter>Header Files</Filter>
    </ClInclude>
    <ClInclude Include="src\mock-tuple.h">
      <Filter>Header Files</Filter>
    </ClInclude>
    <ClInclude Include="src\mock-shape.h">
      <Filter>Header Files</Filter>
    </ClInclude>
    <ClInclude Include="src\plane.h">
      <Filter>Header Files</Filter>
    </ClInclude>
  </ItemGroup>
</Project>